
Microsoft Visual Studio Solution File, Format Version 12.00
# Visual Studio 15
VisualStudioVersion = 15.0.28307.1022
MinimumVisualStudioVersion = 10.0.40219.1
Project("{159641D6-6404-4A2A-AE62-294DE0FE8301}") = "ImportIntoAzureSQLDB", "ImportIntoAzureSQLDB\ImportIntoAzureSQLDB.dtproj", "{EC781A83-A928-42FE-AF1A-A3234D8F3336}"
EndProject
Global
	GlobalSection(SolutionConfigurationPlatforms) = preSolution
		Development|Default = Development|Default
	EndGlobalSection
	GlobalSection(ProjectConfigurationPlatforms) = postSolution
		{EC781A83-A928-42FE-AF1A-A3234D8F3336}.Development|Default.ActiveCfg = Development
		{EC781A83-A928-42FE-AF1A-A3234D8F3336}.Development|Default.Build.0 = Development
	EndGlobalSection
	GlobalSection(SolutionProperties) = preSolution
		HideSolutionNode = FALSE
	EndGlobalSection
	GlobalSection(ExtensibilityGlobals) = postSolution
		SolutionGuid = {2F4385BF-3663-4EE8-AA1A-65DDCAD4DEB9}
	EndGlobalSection
EndGlobal
