
Microsoft Visual Studio Solution File, Format Version 12.00
# Visual Studio 15
VisualStudioVersion = 15.0.28307.1022
MinimumVisualStudioVersion = 10.0.40219.1
Project("{159641D6-6404-4A2A-AE62-294DE0FE8301}") = "CopyFiles", "CopyFiles\CopyFiles.dtproj", "{5053416D-BA03-40A9-86AD-F7F22A451577}"
EndProject
Global
	GlobalSection(SolutionConfigurationPlatforms) = preSolution
		Development|Default = Development|Default
	EndGlobalSection
	GlobalSection(ProjectConfigurationPlatforms) = postSolution
		{5053416D-BA03-40A9-86AD-F7F22A451577}.Development|Default.ActiveCfg = Development
		{5053416D-BA03-40A9-86AD-F7F22A451577}.Development|Default.Build.0 = Development
	EndGlobalSection
	GlobalSection(SolutionProperties) = preSolution
		HideSolutionNode = FALSE
	EndGlobalSection
	GlobalSection(ExtensibilityGlobals) = postSolution
		SolutionGuid = {33E34AB7-4B4A-459A-A934-B0FC71FFEC34}
	EndGlobalSection
EndGlobal
